
Microsoft Visual Studio Solution File, Format Version 12.00
# Visual Studio 2013
VisualStudioVersion = 12.0.30501.0
MinimumVisualStudioVersion = 10.0.40219.1
Project("{FAE04EC0-301F-11D3-BF4B-00C04F79EFBC}") = "EinfacheVerwaltungsApplikation", "EinfacheVerwaltungsApplikation\EinfacheVerwaltungsApplikation.csproj", "{921175D0-EB81-4A10-A754-E6D700A4CCF6}"
EndProject
Project("{FAE04EC0-301F-11D3-BF4B-00C04F79EFBC}") = "WebDaD.Toolkit", "..\WebDaD_Toolkit\WebDaD.Toolkit\WebDaD.Toolkit.csproj", "{D0D1B5C0-0B35-41F1-88E4-BC1014D6BA28}"
EndProject
Project("{FAE04EC0-301F-11D3-BF4B-00C04F79EFBC}") = "Updater", "..\Updater\Updater\Updater.csproj", "{663DFFFF-FA92-4A4A-BB9C-5F834CB6CBF2}"
EndProject
Project("{54435603-DBB4-11D2-8724-00A0C9A8B90C}") = "Setup", "Setup\Setup.vdproj", "{ACE5411C-3D1D-4A8B-8BE6-32BD6B5F3735}"
EndProject
Project("{FAE04EC0-301F-11D3-BF4B-00C04F79EFBC}") = "UnitTestProject", "UnitTestProject\UnitTestProject.csproj", "{A91A5013-58B7-49E7-B6F2-EB4C39FC5330}"
EndProject
Global
	GlobalSection(SolutionConfigurationPlatforms) = preSolution
		Debug|Any CPU = Debug|Any CPU
		Debug|Mixed Platforms = Debug|Mixed Platforms
		Debug|x64 = Debug|x64
		Debug|x86 = Debug|x86
		R2|Any CPU = R2|Any CPU
		R2|Mixed Platforms = R2|Mixed Platforms
		R2|x64 = R2|x64
		R2|x86 = R2|x86
		Release|Any CPU = Release|Any CPU
		Release|Mixed Platforms = Release|Mixed Platforms
		Release|x64 = Release|x64
		Release|x86 = Release|x86
	EndGlobalSection
	GlobalSection(ProjectConfigurationPlatforms) = postSolution
		{921175D0-EB81-4A10-A754-E6D700A4CCF6}.Debug|Any CPU.ActiveCfg = Debug|x86
		{921175D0-EB81-4A10-A754-E6D700A4CCF6}.Debug|Mixed Platforms.ActiveCfg = Debug|x86
		{921175D0-EB81-4A10-A754-E6D700A4CCF6}.Debug|Mixed Platforms.Build.0 = Debug|x86
		{921175D0-EB81-4A10-A754-E6D700A4CCF6}.Debug|x64.ActiveCfg = Debug|x86
		{921175D0-EB81-4A10-A754-E6D700A4CCF6}.Debug|x86.ActiveCfg = Debug|x86
		{921175D0-EB81-4A10-A754-E6D700A4CCF6}.Debug|x86.Build.0 = Debug|x86
		{921175D0-EB81-4A10-A754-E6D700A4CCF6}.R2|Any CPU.ActiveCfg = Release|x64
		{921175D0-EB81-4A10-A754-E6D700A4CCF6}.R2|Any CPU.Build.0 = Release|x64
		{921175D0-EB81-4A10-A754-E6D700A4CCF6}.R2|Mixed Platforms.ActiveCfg = Release|x86
		{921175D0-EB81-4A10-A754-E6D700A4CCF6}.R2|Mixed Platforms.Build.0 = Release|x86
		{921175D0-EB81-4A10-A754-E6D700A4CCF6}.R2|x64.ActiveCfg = Release|x64
		{921175D0-EB81-4A10-A754-E6D700A4CCF6}.R2|x64.Build.0 = Release|x64
		{921175D0-EB81-4A10-A754-E6D700A4CCF6}.R2|x86.ActiveCfg = Release|x86
		{921175D0-EB81-4A10-A754-E6D700A4CCF6}.R2|x86.Build.0 = Release|x86
		{921175D0-EB81-4A10-A754-E6D700A4CCF6}.Release|Any CPU.ActiveCfg = Release|x86
		{921175D0-EB81-4A10-A754-E6D700A4CCF6}.Release|Mixed Platforms.ActiveCfg = Release|x86
		{921175D0-EB81-4A10-A754-E6D700A4CCF6}.Release|Mixed Platforms.Build.0 = Release|x86
		{921175D0-EB81-4A10-A754-E6D700A4CCF6}.Release|x64.ActiveCfg = Release|x64
		{921175D0-EB81-4A10-A754-E6D700A4CCF6}.Release|x86.ActiveCfg = Release|x86
		{921175D0-EB81-4A10-A754-E6D700A4CCF6}.Release|x86.Build.0 = Release|x86
		{D0D1B5C0-0B35-41F1-88E4-BC1014D6BA28}.Debug|Any CPU.ActiveCfg = Debug|Any CPU
		{D0D1B5C0-0B35-41F1-88E4-BC1014D6BA28}.Debug|Any CPU.Build.0 = Debug|Any CPU
		{D0D1B5C0-0B35-41F1-88E4-BC1014D6BA28}.Debug|Mixed Platforms.ActiveCfg = Debug|x64
		{D0D1B5C0-0B35-41F1-88E4-BC1014D6BA28}.Debug|Mixed Platforms.Build.0 = Debug|x64
		{D0D1B5C0-0B35-41F1-88E4-BC1014D6BA28}.Debug|x64.ActiveCfg = Debug|x64
		{D0D1B5C0-0B35-41F1-88E4-BC1014D6BA28}.Debug|x64.Build.0 = Debug|x64
		{D0D1B5C0-0B35-41F1-88E4-BC1014D6BA28}.Debug|x86.ActiveCfg = Debug|x64
		{D0D1B5C0-0B35-41F1-88E4-BC1014D6BA28}.R2|Any CPU.ActiveCfg = Release|Any CPU
		{D0D1B5C0-0B35-41F1-88E4-BC1014D6BA28}.R2|Any CPU.Build.0 = Release|Any CPU
		{D0D1B5C0-0B35-41F1-88E4-BC1014D6BA28}.R2|Mixed Platforms.ActiveCfg = Release|Any CPU
		{D0D1B5C0-0B35-41F1-88E4-BC1014D6BA28}.R2|Mixed Platforms.Build.0 = Release|Any CPU
		{D0D1B5C0-0B35-41F1-88E4-BC1014D6BA28}.R2|x64.ActiveCfg = Release|x64
		{D0D1B5C0-0B35-41F1-88E4-BC1014D6BA28}.R2|x64.Build.0 = Release|x64
		{D0D1B5C0-0B35-41F1-88E4-BC1014D6BA28}.R2|x86.ActiveCfg = Release|Any CPU
		{D0D1B5C0-0B35-41F1-88E4-BC1014D6BA28}.Release|Any CPU.ActiveCfg = Release|Any CPU
		{D0D1B5C0-0B35-41F1-88E4-BC1014D6BA28}.Release|Any CPU.Build.0 = Release|Any CPU
		{D0D1B5C0-0B35-41F1-88E4-BC1014D6BA28}.Release|Mixed Platforms.ActiveCfg = Release|x64
		{D0D1B5C0-0B35-41F1-88E4-BC1014D6BA28}.Release|Mixed Platforms.Build.0 = Release|x64
		{D0D1B5C0-0B35-41F1-88E4-BC1014D6BA28}.Release|x64.ActiveCfg = Release|x64
		{D0D1B5C0-0B35-41F1-88E4-BC1014D6BA28}.Release|x64.Build.0 = Release|x64
		{D0D1B5C0-0B35-41F1-88E4-BC1014D6BA28}.Release|x64.Deploy.0 = Release|x64
		{D0D1B5C0-0B35-41F1-88E4-BC1014D6BA28}.Release|x86.ActiveCfg = Release|x64
		{663DFFFF-FA92-4A4A-BB9C-5F834CB6CBF2}.Debug|Any CPU.ActiveCfg = Debug|Any CPU
		{663DFFFF-FA92-4A4A-BB9C-5F834CB6CBF2}.Debug|Any CPU.Build.0 = Debug|Any CPU
		{663DFFFF-FA92-4A4A-BB9C-5F834CB6CBF2}.Debug|Mixed Platforms.ActiveCfg = Debug|Any CPU
		{663DFFFF-FA92-4A4A-BB9C-5F834CB6CBF2}.Debug|Mixed Platforms.Build.0 = Debug|Any CPU
		{663DFFFF-FA92-4A4A-BB9C-5F834CB6CBF2}.Debug|x64.ActiveCfg = Debug|Any CPU
		{663DFFFF-FA92-4A4A-BB9C-5F834CB6CBF2}.Debug|x86.ActiveCfg = Debug|Any CPU
		{663DFFFF-FA92-4A4A-BB9C-5F834CB6CBF2}.R2|Any CPU.ActiveCfg = Release|Any CPU
		{663DFFFF-FA92-4A4A-BB9C-5F834CB6CBF2}.R2|Any CPU.Build.0 = Release|Any CPU
		{663DFFFF-FA92-4A4A-BB9C-5F834CB6CBF2}.R2|Mixed Platforms.ActiveCfg = Release|Any CPU
		{663DFFFF-FA92-4A4A-BB9C-5F834CB6CBF2}.R2|Mixed Platforms.Build.0 = Release|Any CPU
		{663DFFFF-FA92-4A4A-BB9C-5F834CB6CBF2}.R2|x64.ActiveCfg = Release|x64
		{663DFFFF-FA92-4A4A-BB9C-5F834CB6CBF2}.R2|x64.Build.0 = Release|x64
		{663DFFFF-FA92-4A4A-BB9C-5F834CB6CBF2}.R2|x86.ActiveCfg = Release|Any CPU
		{663DFFFF-FA92-4A4A-BB9C-5F834CB6CBF2}.Release|Any CPU.ActiveCfg = Release|Any CPU
		{663DFFFF-FA92-4A4A-BB9C-5F834CB6CBF2}.Release|Any CPU.Build.0 = Release|Any CPU
		{663DFFFF-FA92-4A4A-BB9C-5F834CB6CBF2}.Release|Mixed Platforms.ActiveCfg = Release|Any CPU
		{663DFFFF-FA92-4A4A-BB9C-5F834CB6CBF2}.Release|Mixed Platforms.Build.0 = Release|Any CPU
		{663DFFFF-FA92-4A4A-BB9C-5F834CB6CBF2}.Release|x64.ActiveCfg = Release|x64
		{663DFFFF-FA92-4A4A-BB9C-5F834CB6CBF2}.Release|x86.ActiveCfg = Release|Any CPU
		{ACE5411C-3D1D-4A8B-8BE6-32BD6B5F3735}.Debug|Any CPU.ActiveCfg = Debug
		{ACE5411C-3D1D-4A8B-8BE6-32BD6B5F3735}.Debug|Mixed Platforms.ActiveCfg = Debug
		{ACE5411C-3D1D-4A8B-8BE6-32BD6B5F3735}.Debug|x64.ActiveCfg = Debug
		{ACE5411C-3D1D-4A8B-8BE6-32BD6B5F3735}.Debug|x86.ActiveCfg = Debug
		{ACE5411C-3D1D-4A8B-8BE6-32BD6B5F3735}.R2|Any CPU.ActiveCfg = R2
		{ACE5411C-3D1D-4A8B-8BE6-32BD6B5F3735}.R2|Mixed Platforms.ActiveCfg = R2
		{ACE5411C-3D1D-4A8B-8BE6-32BD6B5F3735}.R2|Mixed Platforms.Build.0 = R2
		{ACE5411C-3D1D-4A8B-8BE6-32BD6B5F3735}.R2|x64.ActiveCfg = R2
		{ACE5411C-3D1D-4A8B-8BE6-32BD6B5F3735}.R2|x86.ActiveCfg = R2
		{ACE5411C-3D1D-4A8B-8BE6-32BD6B5F3735}.R2|x86.Build.0 = R2
		{ACE5411C-3D1D-4A8B-8BE6-32BD6B5F3735}.Release|Any CPU.ActiveCfg = Release
		{ACE5411C-3D1D-4A8B-8BE6-32BD6B5F3735}.Release|Mixed Platforms.ActiveCfg = Release
		{ACE5411C-3D1D-4A8B-8BE6-32BD6B5F3735}.Release|x64.ActiveCfg = Release
		{ACE5411C-3D1D-4A8B-8BE6-32BD6B5F3735}.Release|x86.ActiveCfg = Release
		{A91A5013-58B7-49E7-B6F2-EB4C39FC5330}.Debug|Any CPU.ActiveCfg = Debug|Any CPU
		{A91A5013-58B7-49E7-B6F2-EB4C39FC5330}.Debug|Any CPU.Build.0 = Debug|Any CPU
		{A91A5013-58B7-49E7-B6F2-EB4C39FC5330}.Debug|Mixed Platforms.ActiveCfg = Debug|Any CPU
		{A91A5013-58B7-49E7-B6F2-EB4C39FC5330}.Debug|Mixed Platforms.Build.0 = Debug|Any CPU
		{A91A5013-58B7-49E7-B6F2-EB4C39FC5330}.Debug|x64.ActiveCfg = Debug|Any CPU
		{A91A5013-58B7-49E7-B6F2-EB4C39FC5330}.Debug|x86.ActiveCfg = Debug|Any CPU
		{A91A5013-58B7-49E7-B6F2-EB4C39FC5330}.R2|Any CPU.ActiveCfg = Release|Any CPU
		{A91A5013-58B7-49E7-B6F2-EB4C39FC5330}.R2|Any CPU.Build.0 = Release|Any CPU
		{A91A5013-58B7-49E7-B6F2-EB4C39FC5330}.R2|Mixed Platforms.ActiveCfg = Release|Any CPU
		{A91A5013-58B7-49E7-B6F2-EB4C39FC5330}.R2|Mixed Platforms.Build.0 = Release|Any CPU
		{A91A5013-58B7-49E7-B6F2-EB4C39FC5330}.R2|x64.ActiveCfg = Release|Any CPU
		{A91A5013-58B7-49E7-B6F2-EB4C39FC5330}.R2|x64.Build.0 = Release|Any CPU
		{A91A5013-58B7-49E7-B6F2-EB4C39FC5330}.R2|x86.ActiveCfg = Release|Any CPU
		{A91A5013-58B7-49E7-B6F2-EB4C39FC5330}.Release|Any CPU.ActiveCfg = Release|Any CPU
		{A91A5013-58B7-49E7-B6F2-EB4C39FC5330}.Release|Any CPU.Build.0 = Release|Any CPU
		{A91A5013-58B7-49E7-B6F2-EB4C39FC5330}.Release|Mixed Platforms.ActiveCfg = Release|Any CPU
		{A91A5013-58B7-49E7-B6F2-EB4C39FC5330}.Release|Mixed Platforms.Build.0 = Release|Any CPU
		{A91A5013-58B7-49E7-B6F2-EB4C39FC5330}.Release|x64.ActiveCfg = Release|Any CPU
		{A91A5013-58B7-49E7-B6F2-EB4C39FC5330}.Release|x86.ActiveCfg = Release|Any CPU
	EndGlobalSection
	GlobalSection(SolutionProperties) = preSolution
		HideSolutionNode = FALSE
	EndGlobalSection
EndGlobal
